
Microsoft Visual Studio Solution File, Format Version 12.00
# Visual Studio 15
VisualStudioVersion = 15.0.27428.2037
MinimumVisualStudioVersion = 10.0.40219.1
Project("{FAE04EC0-301F-11D3-BF4B-00C04F79EFBC}") = "DebtDestroyerVer2.UI", "DebtDestroyerVer2\DebtDestroyerVer2.UI.csproj", "{7BD8ABCA-36B6-4DBF-AEEB-788ED51F0279}"
EndProject
Project("{FAE04EC0-301F-11D3-BF4B-00C04F79EFBC}") = "DebtDestroyer.Model", "DebtDestroyer.Model\DebtDestroyer.Model.csproj", "{EAE94515-8671-43B7-9DD9-9BF7815D7522}"
EndProject
Project("{FAE04EC0-301F-11D3-BF4B-00C04F79EFBC}") = "DebtDestroyer.DataAccess", "DebtDestroyer.DataAccess\DebtDestroyer.DataAccess.csproj", "{21706B47-5E70-415C-85B4-D74BE97E08C1}"
EndProject
Project("{FAE04EC0-301F-11D3-BF4B-00C04F79EFBC}") = "DebtDestroyer.UITests", "DebtDestroyer.UITests\DebtDestroyer.UITests.csproj", "{09A752F6-4F68-4826-BF02-EF3706E8C42D}"
EndProject
Global
	GlobalSection(SolutionConfigurationPlatforms) = preSolution
		Debug|Any CPU = Debug|Any CPU
		Release|Any CPU = Release|Any CPU
	EndGlobalSection
	GlobalSection(ProjectConfigurationPlatforms) = postSolution
		{7BD8ABCA-36B6-4DBF-AEEB-788ED51F0279}.Debug|Any CPU.ActiveCfg = Debug|Any CPU
		{7BD8ABCA-36B6-4DBF-AEEB-788ED51F0279}.Debug|Any CPU.Build.0 = Debug|Any CPU
		{7BD8ABCA-36B6-4DBF-AEEB-788ED51F0279}.Release|Any CPU.ActiveCfg = Release|Any CPU
		{7BD8ABCA-36B6-4DBF-AEEB-788ED51F0279}.Release|Any CPU.Build.0 = Release|Any CPU
		{EAE94515-8671-43B7-9DD9-9BF7815D7522}.Debug|Any CPU.ActiveCfg = Debug|Any CPU
		{EAE94515-8671-43B7-9DD9-9BF7815D7522}.Debug|Any CPU.Build.0 = Debug|Any CPU
		{EAE94515-8671-43B7-9DD9-9BF7815D7522}.Release|Any CPU.ActiveCfg = Release|Any CPU
		{EAE94515-8671-43B7-9DD9-9BF7815D7522}.Release|Any CPU.Build.0 = Release|Any CPU
		{21706B47-5E70-415C-85B4-D74BE97E08C1}.Debug|Any CPU.ActiveCfg = Debug|Any CPU
		{21706B47-5E70-415C-85B4-D74BE97E08C1}.Debug|Any CPU.Build.0 = Debug|Any CPU
		{21706B47-5E70-415C-85B4-D74BE97E08C1}.Release|Any CPU.ActiveCfg = Release|Any CPU
		{21706B47-5E70-415C-85B4-D74BE97E08C1}.Release|Any CPU.Build.0 = Release|Any CPU
		{09A752F6-4F68-4826-BF02-EF3706E8C42D}.Debug|Any CPU.ActiveCfg = Debug|Any CPU
		{09A752F6-4F68-4826-BF02-EF3706E8C42D}.Debug|Any CPU.Build.0 = Debug|Any CPU
		{09A752F6-4F68-4826-BF02-EF3706E8C42D}.Release|Any CPU.ActiveCfg = Release|Any CPU
		{09A752F6-4F68-4826-BF02-EF3706E8C42D}.Release|Any CPU.Build.0 = Release|Any CPU
	EndGlobalSection
	GlobalSection(SolutionProperties) = preSolution
		HideSolutionNode = FALSE
	EndGlobalSection
	GlobalSection(ExtensibilityGlobals) = postSolution
		SolutionGuid = {A5FFE7C0-C2F4-48F5-AB17-31E9A296145F}
	EndGlobalSection
EndGlobal
